
Microsoft Visual Studio Solution File, Format Version 12.00
# Visual Studio Version 16
VisualStudioVersion = 16.0.29911.84
MinimumVisualStudioVersion = 10.0.40219.1
Project("{FAE04EC0-301F-11D3-BF4B-00C04F79EFBC}") = "Globalmantics", "Globalmantics\Globalmantics.csproj", "{2557093F-D314-4139-955F-B97B5900A773}"
EndProject
Global
	GlobalSection(SolutionConfigurationPlatforms) = preSolution
		Debug|Any CPU = Debug|Any CPU
		Release|Any CPU = Release|Any CPU
	EndGlobalSection
	GlobalSection(ProjectConfigurationPlatforms) = postSolution
		{2557093F-D314-4139-955F-B97B5900A773}.Debug|Any CPU.ActiveCfg = Debug|Any CPU
		{2557093F-D314-4139-955F-B97B5900A773}.Debug|Any CPU.Build.0 = Debug|Any CPU
		{2557093F-D314-4139-955F-B97B5900A773}.Release|Any CPU.ActiveCfg = Release|Any CPU
		{2557093F-D314-4139-955F-B97B5900A773}.Release|Any CPU.Build.0 = Release|Any CPU
	EndGlobalSection
	GlobalSection(SolutionProperties) = preSolution
		HideSolutionNode = FALSE
	EndGlobalSection
	GlobalSection(ExtensibilityGlobals) = postSolution
		SolutionGuid = {3893A7AA-02B9-4711-A94B-494886446373}
	EndGlobalSection
EndGlobal
